
Microsoft Visual Studio Solution File, Format Version 12.00
# Visual Studio Version 16
VisualStudioVersion = 16.0.30225.117
MinimumVisualStudioVersion = 10.0.40219.1
Project("{9A19103F-16F7-4668-BE54-9A1E7A4F7556}") = "PointingPoker.AngularFrontend", "PointingPoker.AngularFrontend\PointingPoker.AngularFrontend.csproj", "{4C3709DB-1450-4284-A84A-BD76243CDB6F}"
EndProject
Project("{9A19103F-16F7-4668-BE54-9A1E7A4F7556}") = "PointingPoker.Api", "PointingPoker.Api\PointingPoker.Api.csproj", "{45C8DA41-82FD-40FE-A349-96572B27B6D5}"
EndProject
Global
	GlobalSection(SolutionConfigurationPlatforms) = preSolution
		Debug|Any CPU = Debug|Any CPU
		Release|Any CPU = Release|Any CPU
	EndGlobalSection
	GlobalSection(ProjectConfigurationPlatforms) = postSolution
		{4C3709DB-1450-4284-A84A-BD76243CDB6F}.Debug|Any CPU.ActiveCfg = Debug|Any CPU
		{4C3709DB-1450-4284-A84A-BD76243CDB6F}.Debug|Any CPU.Build.0 = Debug|Any CPU
		{4C3709DB-1450-4284-A84A-BD76243CDB6F}.Release|Any CPU.ActiveCfg = Release|Any CPU
		{4C3709DB-1450-4284-A84A-BD76243CDB6F}.Release|Any CPU.Build.0 = Release|Any CPU
		{45C8DA41-82FD-40FE-A349-96572B27B6D5}.Debug|Any CPU.ActiveCfg = Debug|Any CPU
		{45C8DA41-82FD-40FE-A349-96572B27B6D5}.Debug|Any CPU.Build.0 = Debug|Any CPU
		{45C8DA41-82FD-40FE-A349-96572B27B6D5}.Release|Any CPU.ActiveCfg = Release|Any CPU
		{45C8DA41-82FD-40FE-A349-96572B27B6D5}.Release|Any CPU.Build.0 = Release|Any CPU
	EndGlobalSection
	GlobalSection(SolutionProperties) = preSolution
		HideSolutionNode = FALSE
	EndGlobalSection
	GlobalSection(ExtensibilityGlobals) = postSolution
		SolutionGuid = {A532AC42-3B0C-4597-8056-5A5DF2D2C19C}
	EndGlobalSection
EndGlobal
